{
  "name": "2021",
  "lockfileVersion": 2,
  "requires": true,
  "packages": {
    "": {
      "dependencies": {
        "glm-js": "^0.0.6-c"
      }
    },
    "node_modules/glm-js": {
      "version": "0.0.6-c",
      "resolved": "https://registry.npmjs.org/glm-js/-/glm-js-0.0.6-c.tgz",
      "integrity": "sha1-SfxM/yrGDL8RgXWzZ/qJY/eevU8="
    }
  },
  "dependencies": {
    "glm-js": {
      "version": "0.0.6-c",
      "resolved": "https://registry.npmjs.org/glm-js/-/glm-js-0.0.6-c.tgz",
      "integrity": "sha1-SfxM/yrGDL8RgXWzZ/qJY/eevU8="
    }
  }
}
